
Microsoft Visual Studio Solution File, Format Version 12.00
# Visual Studio 15
VisualStudioVersion = 15.0.26403.7
MinimumVisualStudioVersion = 10.0.40219.1
Project("{FAE04EC0-301F-11D3-BF4B-00C04F79EFBC}") = "Klootzakken.Api", "Klootzaken.Api\Klootzakken.Api.csproj", "{A1F7DD39-DEBF-4C78-A70D-8299896B5CB7}"
EndProject
Project("{FAE04EC0-301F-11D3-BF4B-00C04F79EFBC}") = "Klootzakken.Ascii", "Klootzakken.Ascii\Klootzakken.Ascii.csproj", "{2C507820-52F0-43C7-888D-A1D2EC48B99F}"
EndProject
Global
	GlobalSection(SolutionConfigurationPlatforms) = preSolution
		Debug|Any CPU = Debug|Any CPU
		Release|Any CPU = Release|Any CPU
	EndGlobalSection
	GlobalSection(ProjectConfigurationPlatforms) = postSolution
		{A1F7DD39-DEBF-4C78-A70D-8299896B5CB7}.Debug|Any CPU.ActiveCfg = Debug|Any CPU
		{A1F7DD39-DEBF-4C78-A70D-8299896B5CB7}.Debug|Any CPU.Build.0 = Debug|Any CPU
		{A1F7DD39-DEBF-4C78-A70D-8299896B5CB7}.Release|Any CPU.ActiveCfg = Release|Any CPU
		{A1F7DD39-DEBF-4C78-A70D-8299896B5CB7}.Release|Any CPU.Build.0 = Release|Any CPU
		{2C507820-52F0-43C7-888D-A1D2EC48B99F}.Debug|Any CPU.ActiveCfg = Debug|Any CPU
		{2C507820-52F0-43C7-888D-A1D2EC48B99F}.Debug|Any CPU.Build.0 = Debug|Any CPU
		{2C507820-52F0-43C7-888D-A1D2EC48B99F}.Release|Any CPU.ActiveCfg = Release|Any CPU
		{2C507820-52F0-43C7-888D-A1D2EC48B99F}.Release|Any CPU.Build.0 = Release|Any CPU
	EndGlobalSection
	GlobalSection(SolutionProperties) = preSolution
		HideSolutionNode = FALSE
	EndGlobalSection
EndGlobal
